
Microsoft Visual Studio Solution File, Format Version 12.00
# Visual Studio 15
VisualStudioVersion = 15.0.27703.1
MinimumVisualStudioVersion = 10.0.40219.1
Project("{FAE04EC0-301F-11D3-BF4B-00C04F79EFBC}") = "Twittimation", "Twittimation\Twittimation.csproj", "{5D1FD046-C43B-4E4F-9379-1F6840A6C1B5}"
EndProject
Project("{FAE04EC0-301F-11D3-BF4B-00C04F79EFBC}") = "Twittimation.Tests", "Twittimation.Tests\Twittimation.Tests.csproj", "{4F0BA17E-98C2-41A1-8426-39B329396E20}"
EndProject
Global
	GlobalSection(SolutionConfigurationPlatforms) = preSolution
		Debug|Any CPU = Debug|Any CPU
		Release|Any CPU = Release|Any CPU
	EndGlobalSection
	GlobalSection(ProjectConfigurationPlatforms) = postSolution
		{5D1FD046-C43B-4E4F-9379-1F6840A6C1B5}.Debug|Any CPU.ActiveCfg = Debug|Any CPU
		{5D1FD046-C43B-4E4F-9379-1F6840A6C1B5}.Debug|Any CPU.Build.0 = Debug|Any CPU
		{5D1FD046-C43B-4E4F-9379-1F6840A6C1B5}.Release|Any CPU.ActiveCfg = Release|Any CPU
		{5D1FD046-C43B-4E4F-9379-1F6840A6C1B5}.Release|Any CPU.Build.0 = Release|Any CPU
		{4F0BA17E-98C2-41A1-8426-39B329396E20}.Debug|Any CPU.ActiveCfg = Debug|Any CPU
		{4F0BA17E-98C2-41A1-8426-39B329396E20}.Debug|Any CPU.Build.0 = Debug|Any CPU
		{4F0BA17E-98C2-41A1-8426-39B329396E20}.Release|Any CPU.ActiveCfg = Release|Any CPU
		{4F0BA17E-98C2-41A1-8426-39B329396E20}.Release|Any CPU.Build.0 = Release|Any CPU
	EndGlobalSection
	GlobalSection(SolutionProperties) = preSolution
		HideSolutionNode = FALSE
	EndGlobalSection
	GlobalSection(ExtensibilityGlobals) = postSolution
		SolutionGuid = {0EC8F884-EA2B-4079-B545-A8F9EDA81140}
	EndGlobalSection
EndGlobal
